
Microsoft Visual Studio Solution File, Format Version 12.00
# Visual Studio Version 17
VisualStudioVersion = 17.6.33723.286
MinimumVisualStudioVersion = 10.0.40219.1
Project("{FAE04EC0-301F-11D3-BF4B-00C04F79EFBC}") = "Exam", "Exam\Exam.csproj", "{5F21D659-883F-484F-BA01-88A2775F58E8}"
EndProject
Global
	GlobalSection(SolutionConfigurationPlatforms) = preSolution
		Debug|Any CPU = Debug|Any CPU
		Release|Any CPU = Release|Any CPU
	EndGlobalSection
	GlobalSection(ProjectConfigurationPlatforms) = postSolution
		{5F21D659-883F-484F-BA01-88A2775F58E8}.Debug|Any CPU.ActiveCfg = Debug|Any CPU
		{5F21D659-883F-484F-BA01-88A2775F58E8}.Debug|Any CPU.Build.0 = Debug|Any CPU
		{5F21D659-883F-484F-BA01-88A2775F58E8}.Release|Any CPU.ActiveCfg = Release|Any CPU
		{5F21D659-883F-484F-BA01-88A2775F58E8}.Release|Any CPU.Build.0 = Release|Any CPU
	EndGlobalSection
	GlobalSection(SolutionProperties) = preSolution
		HideSolutionNode = FALSE
	EndGlobalSection
	GlobalSection(ExtensibilityGlobals) = postSolution
		SolutionGuid = {58B778DA-1AE3-4518-A2A2-5D5D8FFB54FE}
	EndGlobalSection
EndGlobal
